
Microsoft Visual Studio Solution File, Format Version 12.00
# Visual Studio 15
VisualStudioVersion = 15.0.26730.12
MinimumVisualStudioVersion = 10.0.40219.1
Project("{FAE04EC0-301F-11D3-BF4B-00C04F79EFBC}") = "aspnet-webapp-to-ci-cd.webapp", "aspnet-webapp-to-ci-cd.webapp\aspnet-webapp-to-ci-cd.webapp.csproj", "{2BCFE0F9-2AF8-442A-9EBC-E3B4EA5E4102}"
EndProject
Project("{FAE04EC0-301F-11D3-BF4B-00C04F79EFBC}") = "aspnet-webapp-to-ci-cd.webapp.Tests", "aspnet-webapp-to-ci-cd.webapp.Tests\aspnet-webapp-to-ci-cd.webapp.Tests.csproj", "{3F78D7D7-8C5D-425C-B90C-38C73977A7EE}"
EndProject
Global
	GlobalSection(SolutionConfigurationPlatforms) = preSolution
		Debug|Any CPU = Debug|Any CPU
		Release|Any CPU = Release|Any CPU
	EndGlobalSection
	GlobalSection(ProjectConfigurationPlatforms) = postSolution
		{2BCFE0F9-2AF8-442A-9EBC-E3B4EA5E4102}.Debug|Any CPU.ActiveCfg = Debug|Any CPU
		{2BCFE0F9-2AF8-442A-9EBC-E3B4EA5E4102}.Debug|Any CPU.Build.0 = Debug|Any CPU
		{2BCFE0F9-2AF8-442A-9EBC-E3B4EA5E4102}.Release|Any CPU.ActiveCfg = Release|Any CPU
		{2BCFE0F9-2AF8-442A-9EBC-E3B4EA5E4102}.Release|Any CPU.Build.0 = Release|Any CPU
		{3F78D7D7-8C5D-425C-B90C-38C73977A7EE}.Debug|Any CPU.ActiveCfg = Debug|Any CPU
		{3F78D7D7-8C5D-425C-B90C-38C73977A7EE}.Debug|Any CPU.Build.0 = Debug|Any CPU
		{3F78D7D7-8C5D-425C-B90C-38C73977A7EE}.Release|Any CPU.ActiveCfg = Release|Any CPU
		{3F78D7D7-8C5D-425C-B90C-38C73977A7EE}.Release|Any CPU.Build.0 = Release|Any CPU
	EndGlobalSection
	GlobalSection(SolutionProperties) = preSolution
		HideSolutionNode = FALSE
	EndGlobalSection
	GlobalSection(ExtensibilityGlobals) = postSolution
		SolutionGuid = {67672FEE-F615-4FB0-A531-447A618CBE89}
	EndGlobalSection
EndGlobal
